
Microsoft Visual Studio Solution File, Format Version 12.00
# Visual Studio Version 17
VisualStudioVersion = 17.14.36603.0
MinimumVisualStudioVersion = 10.0.40219.1
Project("{FAE04EC0-301F-11D3-BF4B-00C04F79EFBC}") = "FirstProject", "FirstProject\FirstProject.csproj", "{72AF00F5-E4F7-487A-80FE-9F16B8B270CC}"
EndProject
Project("{FAE04EC0-301F-11D3-BF4B-00C04F79EFBC}") = "Demo", "Demo\Demo.csproj", "{BDE4BBD1-306A-4486-9B71-EADF0F0959D1}"
EndProject
Project("{FAE04EC0-301F-11D3-BF4B-00C04F79EFBC}") = "Test", "Test\Test.csproj", "{C25271EC-3CEB-4D78-9821-0887BAA57124}"
EndProject
Project("{FAE04EC0-301F-11D3-BF4B-00C04F79EFBC}") = "AccessDemo1", "AccessDemo1\AccessDemo1.csproj", "{3CCA77A4-839B-44EB-A546-82D792BB9188}"
EndProject
Project("{FAE04EC0-301F-11D3-BF4B-00C04F79EFBC}") = "AccessDemo2", "AccessDemo2\AccessDemo2.csproj", "{B7A5A494-5524-4032-AACB-03CE278DE5AF}"
EndProject
Project("{FAE04EC0-301F-11D3-BF4B-00C04F79EFBC}") = "TypesProject", "TypesProject\TypesProject.csproj", "{8804BD71-E390-430F-A4BC-BE0960AB1D37}"
EndProject
Project("{FAE04EC0-301F-11D3-BF4B-00C04F79EFBC}") = "Inheritance", "Inheritance\Inheritance.csproj", "{7418495F-2F20-477C-8053-D21328A32D67}"
EndProject
Project("{FAE04EC0-301F-11D3-BF4B-00C04F79EFBC}") = "MethodOverloading", "MethodOverloading\MethodOverloading.csproj", "{77692ABC-0AB8-483A-8959-BDE66F99C739}"
EndProject
Project("{FAE04EC0-301F-11D3-BF4B-00C04F79EFBC}") = "MethodOverriding", "MethodOverriding\MethodOverriding.csproj", "{A1ABF3E9-FA2D-4E55-814A-E7749CF25704}"
EndProject
Project("{FAE04EC0-301F-11D3-BF4B-00C04F79EFBC}") = "MethodHiding", "MethodHiding\MethodHiding.csproj", "{F4734684-E37E-4977-A947-1F2C5697ADC2}"
EndProject
Project("{FAE04EC0-301F-11D3-BF4B-00C04F79EFBC}") = "OperatorOverloading", "OperatorOverloading\OperatorOverloading.csproj", "{04AC8375-628A-4109-A775-D258BBA3D39F}"
EndProject
Project("{FAE04EC0-301F-11D3-BF4B-00C04F79EFBC}") = "Abstract", "Abstract\Abstract.csproj", "{E926DA5D-0603-4AB9-B934-75D32075929B}"
EndProject
Global
	GlobalSection(SolutionConfigurationPlatforms) = preSolution
		Debug|Any CPU = Debug|Any CPU
		Release|Any CPU = Release|Any CPU
	EndGlobalSection
	GlobalSection(ProjectConfigurationPlatforms) = postSolution
		{72AF00F5-E4F7-487A-80FE-9F16B8B270CC}.Debug|Any CPU.ActiveCfg = Debug|Any CPU
		{72AF00F5-E4F7-487A-80FE-9F16B8B270CC}.Debug|Any CPU.Build.0 = Debug|Any CPU
		{72AF00F5-E4F7-487A-80FE-9F16B8B270CC}.Release|Any CPU.ActiveCfg = Release|Any CPU
		{72AF00F5-E4F7-487A-80FE-9F16B8B270CC}.Release|Any CPU.Build.0 = Release|Any CPU
		{BDE4BBD1-306A-4486-9B71-EADF0F0959D1}.Debug|Any CPU.ActiveCfg = Debug|Any CPU
		{BDE4BBD1-306A-4486-9B71-EADF0F0959D1}.Debug|Any CPU.Build.0 = Debug|Any CPU
		{BDE4BBD1-306A-4486-9B71-EADF0F0959D1}.Release|Any CPU.ActiveCfg = Release|Any CPU
		{BDE4BBD1-306A-4486-9B71-EADF0F0959D1}.Release|Any CPU.Build.0 = Release|Any CPU
		{C25271EC-3CEB-4D78-9821-0887BAA57124}.Debug|Any CPU.ActiveCfg = Debug|Any CPU
		{C25271EC-3CEB-4D78-9821-0887BAA57124}.Debug|Any CPU.Build.0 = Debug|Any CPU
		{C25271EC-3CEB-4D78-9821-0887BAA57124}.Release|Any CPU.ActiveCfg = Release|Any CPU
		{C25271EC-3CEB-4D78-9821-0887BAA57124}.Release|Any CPU.Build.0 = Release|Any CPU
		{3CCA77A4-839B-44EB-A546-82D792BB9188}.Debug|Any CPU.ActiveCfg = Debug|Any CPU
		{3CCA77A4-839B-44EB-A546-82D792BB9188}.Debug|Any CPU.Build.0 = Debug|Any CPU
		{3CCA77A4-839B-44EB-A546-82D792BB9188}.Release|Any CPU.ActiveCfg = Release|Any CPU
		{3CCA77A4-839B-44EB-A546-82D792BB9188}.Release|Any CPU.Build.0 = Release|Any CPU
		{B7A5A494-5524-4032-AACB-03CE278DE5AF}.Debug|Any CPU.ActiveCfg = Debug|Any CPU
		{B7A5A494-5524-4032-AACB-03CE278DE5AF}.Debug|Any CPU.Build.0 = Debug|Any CPU
		{B7A5A494-5524-4032-AACB-03CE278DE5AF}.Release|Any CPU.ActiveCfg = Release|Any CPU
		{B7A5A494-5524-4032-AACB-03CE278DE5AF}.Release|Any CPU.Build.0 = Release|Any CPU
		{8804BD71-E390-430F-A4BC-BE0960AB1D37}.Debug|Any CPU.ActiveCfg = Debug|Any CPU
		{8804BD71-E390-430F-A4BC-BE0960AB1D37}.Debug|Any CPU.Build.0 = Debug|Any CPU
		{8804BD71-E390-430F-A4BC-BE0960AB1D37}.Release|Any CPU.ActiveCfg = Release|Any CPU
		{8804BD71-E390-430F-A4BC-BE0960AB1D37}.Release|Any CPU.Build.0 = Release|Any CPU
		{7418495F-2F20-477C-8053-D21328A32D67}.Debug|Any CPU.ActiveCfg = Debug|Any CPU
		{7418495F-2F20-477C-8053-D21328A32D67}.Debug|Any CPU.Build.0 = Debug|Any CPU
		{7418495F-2F20-477C-8053-D21328A32D67}.Release|Any CPU.ActiveCfg = Release|Any CPU
		{7418495F-2F20-477C-8053-D21328A32D67}.Release|Any CPU.Build.0 = Release|Any CPU
		{77692ABC-0AB8-483A-8959-BDE66F99C739}.Debug|Any CPU.ActiveCfg = Debug|Any CPU
		{77692ABC-0AB8-483A-8959-BDE66F99C739}.Debug|Any CPU.Build.0 = Debug|Any CPU
		{77692ABC-0AB8-483A-8959-BDE66F99C739}.Release|Any CPU.ActiveCfg = Release|Any CPU
		{77692ABC-0AB8-483A-8959-BDE66F99C739}.Release|Any CPU.Build.0 = Release|Any CPU
		{A1ABF3E9-FA2D-4E55-814A-E7749CF25704}.Debug|Any CPU.ActiveCfg = Debug|Any CPU
		{A1ABF3E9-FA2D-4E55-814A-E7749CF25704}.Debug|Any CPU.Build.0 = Debug|Any CPU
		{A1ABF3E9-FA2D-4E55-814A-E7749CF25704}.Release|Any CPU.ActiveCfg = Release|Any CPU
		{A1ABF3E9-FA2D-4E55-814A-E7749CF25704}.Release|Any CPU.Build.0 = Release|Any CPU
		{F4734684-E37E-4977-A947-1F2C5697ADC2}.Debug|Any CPU.ActiveCfg = Debug|Any CPU
		{F4734684-E37E-4977-A947-1F2C5697ADC2}.Debug|Any CPU.Build.0 = Debug|Any CPU
		{F4734684-E37E-4977-A947-1F2C5697ADC2}.Release|Any CPU.ActiveCfg = Release|Any CPU
		{F4734684-E37E-4977-A947-1F2C5697ADC2}.Release|Any CPU.Build.0 = Release|Any CPU
		{04AC8375-628A-4109-A775-D258BBA3D39F}.Debug|Any CPU.ActiveCfg = Debug|Any CPU
		{04AC8375-628A-4109-A775-D258BBA3D39F}.Debug|Any CPU.Build.0 = Debug|Any CPU
		{04AC8375-628A-4109-A775-D258BBA3D39F}.Release|Any CPU.ActiveCfg = Release|Any CPU
		{04AC8375-628A-4109-A775-D258BBA3D39F}.Release|Any CPU.Build.0 = Release|Any CPU
		{E926DA5D-0603-4AB9-B934-75D32075929B}.Debug|Any CPU.ActiveCfg = Debug|Any CPU
		{E926DA5D-0603-4AB9-B934-75D32075929B}.Debug|Any CPU.Build.0 = Debug|Any CPU
		{E926DA5D-0603-4AB9-B934-75D32075929B}.Release|Any CPU.ActiveCfg = Release|Any CPU
		{E926DA5D-0603-4AB9-B934-75D32075929B}.Release|Any CPU.Build.0 = Release|Any CPU
	EndGlobalSection
	GlobalSection(SolutionProperties) = preSolution
		HideSolutionNode = FALSE
	EndGlobalSection
	GlobalSection(ExtensibilityGlobals) = postSolution
		SolutionGuid = {DE5ECA39-A051-473E-ABD3-5151E8A0541E}
	EndGlobalSection
EndGlobal
